
Microsoft Visual Studio Solution File, Format Version 12.00
# Visual Studio Version 16
VisualStudioVersion = 16.0.31005.135
MinimumVisualStudioVersion = 10.0.40219.1
Project("{FAE04EC0-301F-11D3-BF4B-00C04F79EFBC}") = "Port", "Port\Port.csproj", "{6FBFF09B-5EFE-4A6B-B21B-9236AA28024C}"
EndProject
Global
	GlobalSection(SolutionConfigurationPlatforms) = preSolution
		Debug|Any CPU = Debug|Any CPU
		Release|Any CPU = Release|Any CPU
	EndGlobalSection
	GlobalSection(ProjectConfigurationPlatforms) = postSolution
		{6FBFF09B-5EFE-4A6B-B21B-9236AA28024C}.Debug|Any CPU.ActiveCfg = Debug|Any CPU
		{6FBFF09B-5EFE-4A6B-B21B-9236AA28024C}.Debug|Any CPU.Build.0 = Debug|Any CPU
		{6FBFF09B-5EFE-4A6B-B21B-9236AA28024C}.Release|Any CPU.ActiveCfg = Release|Any CPU
		{6FBFF09B-5EFE-4A6B-B21B-9236AA28024C}.Release|Any CPU.Build.0 = Release|Any CPU
	EndGlobalSection
	GlobalSection(SolutionProperties) = preSolution
		HideSolutionNode = FALSE
	EndGlobalSection
	GlobalSection(ExtensibilityGlobals) = postSolution
		SolutionGuid = {A492B01B-89F7-4936-B6D9-5DC688703F7C}
	EndGlobalSection
EndGlobal
